// !$*UTF8*$!
{
	archiveVersion = 1;
	classes = {
	};
	objectVersion = 50;
	objects = {

/* Begin PBXBuildFile section */
		480D9AB322C5276C00F6E763 /* AppDelegate.swift in Sources */ = {isa = PBXBuildFile; fileRef = 480D9AB222C5276C00F6E763 /* AppDelegate.swift */; };
		480D9AB522C5276C00F6E763 /* ViewController.swift in Sources */ = {isa = PBXBuildFile; fileRef = 480D9AB422C5276C00F6E763 /* ViewController.swift */; };
		480D9AB822C5276C00F6E763 /* Main.storyboard in Resources */ = {isa = PBXBuildFile; fileRef = 480D9AB622C5276C00F6E763 /* Main.storyboard */; };
		480D9ABA22C5276C00F6E763 /* Assets.xcassets in Resources */ = {isa = PBXBuildFile; fileRef = 480D9AB922C5276C00F6E763 /* Assets.xcassets */; };
		480D9ABD22C5276C00F6E763 /* LaunchScreen.storyboard in Resources */ = {isa = PBXBuildFile; fileRef = 480D9ABB22C5276C00F6E763 /* LaunchScreen.storyboard */; };
		480D9AC822C5276D00F6E763 /* tableviewTests.swift in Sources */ = {isa = PBXBuildFile; fileRef = 480D9AC722C5276D00F6E763 /* tableviewTests.swift */; };
		480D9AD322C5276D00F6E763 /* tableviewUITests.swift in Sources */ = {isa = PBXBuildFile; fileRef = 480D9AD222C5276D00F6E763 /* tableviewUITests.swift */; };
		480D9AE122C528A900F6E763 /* DetailViewController.swift in Sources */ = {isa = PBXBuildFile; fileRef = 480D9AE022C528A900F6E763 /* DetailViewController.swift */; };
		480D9AE322C528B800F6E763 /* DetailTableViewCell.swift in Sources */ = {isa = PBXBuildFile; fileRef = 480D9AE222C528B800F6E763 /* DetailTableViewCell.swift */; };
/* End PBXBuildFile section */

/* Begin PBXContainerItemProxy section */
		480D9AC422C5276D00F6E763 /* PBXContainerItemProxy */ = {
			isa = PBXContainerItemProxy;
			containerPortal = 480D9AA722C5276C00F6E763 /* Project object */;
			proxyType = 1;
			remoteGlobalIDString = 480D9AAE22C5276C00F6E763;
			remoteInfo = tableview;
		};
		480D9ACF22C5276D00F6E763 /* PBXContainerItemProxy */ = {
			isa = PBXContainerItemProxy;
			containerPortal = 480D9AA722C5276C00F6E763 /* Project object */;
			proxyType = 1;
			remoteGlobalIDString = 480D9AAE22C5276C00F6E763;
			remoteInfo = tableview;
		};
/* End PBXContainerItemProxy section */

/* Begin PBXFileReference section */
		480D9AAF22C5276C00F6E763 /* tableview.app */ = {isa = PBXFileReference; explicitFileType = wrapper.application; includeInIndex = 0; path = tableview.app; sourceTree = BUILT_PRODUCTS_DIR; };
		480D9AB222C5276C00F6E763 /* AppDelegate.swift */ = {isa = PBXFileReference; lastKnownFileType = sourcecode.swift; path = AppDelegate.swift; sourceTree = "<group>"; };
		480D9AB422C5276C00F6E763 /* ViewController.swift */ = {isa = PBXFileReference; lastKnownFileType = sourcecode.swift; path = ViewController.swift; sourceTree = "<group>"; };
		480D9AB722C5276C00F6E763 /* Base */ = {isa = PBXFileReference; lastKnownFileType = file.storyboard; name = Base; path = Base.lproj/Main.storyboard; sourceTree = "<group>"; };
		480D9AB922C5276C00F6E763 /* Assets.xcassets */ = {isa = PBXFileReference; lastKnownFileType = folder.assetcatalog; path = Assets.xcassets; sourceTree = "<group>"; };
		480D9ABC22C5276C00F6E763 /* Base */ = {isa = PBXFileReference; lastKnownFileType = file.storyboard; name = Base; path = Base.lproj/LaunchScreen.storyboard; sourceTree = "<group>"; };
		480D9ABE22C5276C00F6E763 /* Info.plist */ = {isa = PBXFileReference; lastKnownFileType = text.plist.xml; path = Info.plist; sourceTree = "<group>"; };
		480D9AC322C5276D00F6E763 /* tableviewTests.xctest */ = {isa = PBXFileReference; explicitFileType = wrapper.cfbundle; includeInIndex = 0; path = tableviewTests.xctest; sourceTree = BUILT_PRODUCTS_DIR; };
		480D9AC722C5276D00F6E763 /* tableviewTests.swift */ = {isa = PBXFileReference; lastKnownFileType = sourcecode.swift; path = tableviewTests.swift; sourceTree = "<group>"; };
		480D9AC922C5276D00F6E763 /* Info.plist */ = {isa = PBXFileReference; lastKnownFileType = text.plist.xml; path = Info.plist; sourceTree = "<group>"; };
		480D9ACE22C5276D00F6E763 /* tableviewUITests.xctest */ = {isa = PBXFileReference; explicitFileType = wrapper.cfbundle; includeInIndex = 0; path = tableviewUITests.xctest; sourceTree = BUILT_PRODUCTS_DIR; };
		480D9AD222C5276D00F6E763 /* tableviewUITests.swift */ = {isa = PBXFileReference; lastKnownFileType = sourcecode.swift; path = tableviewUITests.swift; sourceTree = "<group>"; };
		480D9AD422C5276D00F6E763 /* Info.plist */ = {isa = PBXFileReference; lastKnownFileType = text.plist.xml; path = Info.plist; sourceTree = "<group>"; };
		480D9AE022C528A900F6E763 /* DetailViewController.swift */ = {isa = PBXFileReference; lastKnownFileType = sourcecode.swift; path = DetailViewController.swift; sourceTree = "<group>"; };
		480D9AE222C528B800F6E763 /* DetailTableViewCell.swift */ = {isa = PBXFileReference; lastKnownFileType = sourcecode.swift; path = DetailTableViewCell.swift; sourceTree = "<group>"; };
/* End PBXFileReference section */

/* Begin PBXFrameworksBuildPhase section */
		480D9AAC22C5276C00F6E763 /* Frameworks */ = {
			isa = PBXFrameworksBuildPhase;
			buildActionMask = 2147483647;
			files = (
			);
			runOnlyForDeploymentPostprocessing = 0;
		};
		480D9AC022C5276D00F6E763 /* Frameworks */ = {
			isa = PBXFrameworksBuildPhase;
			buildActionMask = 2147483647;
			files = (
			);
			runOnlyForDeploymentPostprocessing = 0;
		};
		480D9ACB22C5276D00F6E763 /* Frameworks */ = {
			isa = PBXFrameworksBuildPhase;
			buildActionMask = 2147483647;
			files = (
			);
			runOnlyForDeploymentPostprocessing = 0;
		};
/* End PBXFrameworksBuildPhase section */

/* Begin PBXGroup section */
		480D9AA622C5276C00F6E763 = {
			isa = PBXGroup;
			children = (
				480D9AB122C5276C00F6E763 /* tableview */,
				480D9AC622C5276D00F6E763 /* tableviewTests */,
				480D9AD122C5276D00F6E763 /* tableviewUITests */,
				480D9AB022C5276C00F6E763 /* Products */,
			);
			sourceTree = "<group>";
		};
		480D9AB022C5276C00F6E763 /* Products */ = {
			isa = PBXGroup;
			children = (
				480D9AAF22C5276C00F6E763 /* tableview.app */,
				480D9AC322C5276D00F6E763 /* tableviewTests.xctest */,
				480D9ACE22C5276D00F6E763 /* tableviewUITests.xctest */,
			);
			name = Products;
			sourceTree = "<group>";
		};
		480D9AB122C5276C00F6E763 /* tableview */ = {
			isa = PBXGroup;
			children = (
				480D9AB222C5276C00F6E763 /* AppDelegate.swift */,
				480D9AB422C5276C00F6E763 /* ViewController.swift */,
				480D9AB622C5276C00F6E763 /* Main.storyboard */,
				480D9AB922C5276C00F6E763 /* Assets.xcassets */,
				480D9ABB22C5276C00F6E763 /* LaunchScreen.storyboard */,
				480D9ABE22C5276C00F6E763 /* Info.plist */,
				480D9AE022C528A900F6E763 /* DetailViewController.swift */,
				480D9AE222C528B800F6E763 /* DetailTableViewCell.swift */,
			);
			path = tableview;
			sourceTree = "<group>";
		};
		480D9AC622C5276D00F6E763 /* tableviewTests */ = {
			isa = PBXGroup;
			children = (
				480D9AC722C5276D00F6E763 /* tableviewTests.swift */,
				480D9AC922C5276D00F6E763 /* Info.plist */,
			);
			path = tableviewTests;
			sourceTree = "<group>";
		};
		480D9AD122C5276D00F6E763 /* tableviewUITests */ = {
			isa = PBXGroup;
			children = (
				480D9AD222C5276D00F6E763 /* tableviewUITests.swift */,
				480D9AD422C5276D00F6E763 /* Info.plist */,
			);
			path = tableviewUITests;
			sourceTree = "<group>";
		};
/* End PBXGroup section */

/* Begin PBXNativeTarget section */
		480D9AAE22C5276C00F6E763 /* tableview */ = {
			isa = PBXNativeTarget;
			buildConfigurationList = 480D9AD722C5276D00F6E763 /* Build configuration list for PBXNativeTarget "tableview" */;
			buildPhases = (
				480D9AAB22C5276C00F6E763 /* Sources */,
				480D9AAC22C5276C00F6E763 /* Frameworks */,
				480D9AAD22C5276C00F6E763 /* Resources */,
			);
			buildRules = (
			);
			dependencies = (
			);
			name = tableview;
			productName = tableview;
			productReference = 480D9AAF22C5276C00F6E763 /* tableview.app */;
			productType = "com.apple.product-type.application";
		};
		480D9AC222C5276D00F6E763 /* tableviewTests */ = {
			isa = PBXNativeTarget;
			buildConfigurationList = 480D9ADA22C5276D00F6E763 /* Build configuration list for PBXNativeTarget "tableviewTests" */;
			buildPhases = (
				480D9ABF22C5276D00F6E763 /* Sources */,
				480D9AC022C5276D00F6E763 /* Frameworks */,
				480D9AC122C5276D00F6E763 /* Resources */,
			);
			buildRules = (
			);
			dependencies = (
				480D9AC522C5276D00F6E763 /* PBXTargetDependency */,
			);
			name = tableviewTests;
			productName = tableviewTests;
			productReference = 480D9AC322C5276D00F6E763 /* tableviewTests.xctest */;
			productType = "com.apple.product-type.bundle.unit-test";
		};
		480D9ACD22C5276D00F6E763 /* tableviewUITests */ = {
			isa = PBXNativeTarget;
			buildConfigurationList = 480D9ADD22C5276D00F6E763 /* Build configuration list for PBXNativeTarget "tableviewUITests" */;
			buildPhases = (
				480D9ACA22C5276D00F6E763 /* Sources */,
				480D9ACB22C5276D00F6E763 /* Frameworks */,
				480D9ACC22C5276D00F6E763 /* Resources */,
			);
			buildRules = (
			);
			dependencies = (
				480D9AD022C5276D00F6E763 /* PBXTargetDependency */,
			);
			name = tableviewUITests;
			productName = tableviewUITests;
			productReference = 480D9ACE22C5276D00F6E763 /* tableviewUITests.xctest */;
			productType = "com.apple.product-type.bundle.ui-testing";
		};
/* End PBXNativeTarget section */

/* Begin PBXProject section */
		480D9AA722C5276C00F6E763 /* Project object */ = {
			isa = PBXProject;
			attributes = {
				LastSwiftUpdateCheck = 1020;
				LastUpgradeCheck = 1020;
				ORGANIZATIONNAME = HYEOKBOOK;
				TargetAttributes = {
					480D9AAE22C5276C00F6E763 = {
						CreatedOnToolsVersion = 10.2.1;
					};
					480D9AC222C5276D00F6E763 = {
						CreatedOnToolsVersion = 10.2.1;
						TestTargetID = 480D9AAE22C5276C00F6E763;
					};
					480D9ACD22C5276D00F6E763 = {
						CreatedOnToolsVersion = 10.2.1;
						TestTargetID = 480D9AAE22C5276C00F6E763;
					};
				};
			};
			buildConfigurationList = 480D9AAA22C5276C00F6E763 /* Build configuration list for PBXProject "tableview" */;
			compatibilityVersion = "Xcode 9.3";
			developmentRegion = en;
			hasScannedForEncodings = 0;
			knownRegions = (
				en,
				Base,
			);
			mainGroup = 480D9AA622C5276C00F6E763;
			productRefGroup = 480D9AB022C5276C00F6E763 /* Products */;
			projectDirPath = "";
			projectRoot = "";
			targets = (
				480D9AAE22C5276C00F6E763 /* tableview */,
				480D9AC222C5276D00F6E763 /* tableviewTests */,
				480D9ACD22C5276D00F6E763 /* tableviewUITests */,
			);
		};
/* End PBXProject section */

/* Begin PBXResourcesBuildPhase section */
		480D9AAD22C5276C00F6E763 /* Resources */ = {
			isa = PBXResourcesBuildPhase;
			buildActionMask = 2147483647;
			files = (
				480D9ABD22C5276C00F6E763 /* LaunchScreen.storyboard in Resources */,
				480D9ABA22C5276C00F6E763 /* Assets.xcassets in Resources */,
				480D9AB822C5276C00F6E763 /* Main.storyboard in Resources */,
			);
			runOnlyForDeploymentPostprocessing = 0;
		};
		480D9AC122C5276D00F6E763 /* Resources */ = {
			isa = PBXResourcesBuildPhase;
			buildActionMask = 2147483647;
			files = (
			);
			runOnlyForDeploymentPostprocessing = 0;
		};
		480D9ACC22C5276D00F6E763 /* Resources */ = {
			isa = PBXResourcesBuildPhase;
			buildActionMask = 2147483647;
			files = (
			);
			runOnlyForDeploymentPostprocessing = 0;
		};
/* End PBXResourcesBuildPhase section */

/* Begin PBXSourcesBuildPhase section */
		480D9AAB22C5276C00F6E763 /* Sources */ = {
			isa = PBXSourcesBuildPhase;
			buildActionMask = 2147483647;
			files = (
				480D9AE122C528A900F6E763 /* DetailViewController.swift in Sources */,
				480D9AB522C5276C00F6E763 /* ViewController.swift in Sources */,
				480D9AE322C528B800F6E763 /* DetailTableViewCell.swift in Sources */,
				480D9AB322C5276C00F6E763 /* AppDelegate.swift in Sources */,
			);
			runOnlyForDeploymentPostprocessing = 0;
		};
		480D9ABF22C5276D00F6E763 /* Sources */ = {
			isa = PBXSourcesBuildPhase;
			buildActionMask = 2147483647;
			files = (
				480D9AC822C5276D00F6E763 /* tableviewTests.swift in Sources */,
			);
			runOnlyForDeploymentPostprocessing = 0;
		};
		480D9ACA22C5276D00F6E763 /* Sources */ = {
			isa = PBXSourcesBuildPhase;
			buildActionMask = 2147483647;
			files = (
				480D9AD322C5276D00F6E763 /* tableviewUITests.swift in Sources */,
			);
			runOnlyForDeploymentPostprocessing = 0;
		};
/* End PBXSourcesBuildPhase section */

/* Begin PBXTargetDependency section */
		480D9AC522C5276D00F6E763 /* PBXTargetDependency */ = {
			isa = PBXTargetDependency;
			target = 480D9AAE22C5276C00F6E763 /* tableview */;
			targetProxy = 480D9AC422C5276D00F6E763 /* PBXContainerItemProxy */;
		};
		480D9AD022C5276D00F6E763 /* PBXTargetDependency */ = {
			isa = PBXTargetDependency;
			target = 480D9AAE22C5276C00F6E763 /* tableview */;
			targetProxy = 480D9ACF22C5276D00F6E763 /* PBXContainerItemProxy */;
		};
/* End PBXTargetDependency section */

/* Begin PBXVariantGroup section */
		480D9AB622C5276C00F6E763 /* Main.storyboard */ = {
			isa = PBXVariantGroup;
			children = (
				480D9AB722C5276C00F6E763 /* Base */,
			);
			name = Main.storyboard;
			sourceTree = "<group>";
		};
		480D9ABB22C5276C00F6E763 /* LaunchScreen.storyboard */ = {
			isa = PBXVariantGroup;
			children = (
				480D9ABC22C5276C00F6E763 /* Base */,
			);
			name = LaunchScreen.storyboard;
			sourceTree = "<group>";
		};
/* End PBXVariantGroup section */

/* Begin XCBuildConfiguration section */
		480D9AD522C5276D00F6E763 /* Debug */ = {
			isa = XCBuildConfiguration;
			buildSettings = {
				ALWAYS_SEARCH_USER_PATHS = NO;
				CLANG_ANALYZER_NONNULL = YES;
				CLANG_ANALYZER_NUMBER_OBJECT_CONVERSION = YES_AGGRESSIVE;
				CLANG_CXX_LANGUAGE_STANDARD = "gnu++14";
				CLANG_CXX_LIBRARY = "libc++";
				CLANG_ENABLE_MODULES = YES;
				CLANG_ENABLE_OBJC_ARC = YES;
				CLANG_ENABLE_OBJC_WEAK = YES;
				CLANG_WARN_BLOCK_CAPTURE_AUTORELEASING = YES;
				CLANG_WARN_BOOL_CONVERSION = YES;
				CLANG_WARN_COMMA = YES;
				CLANG_WARN_CONSTANT_CONVERSION = YES;
				CLANG_WARN_DEPRECATED_OBJC_IMPLEMENTATIONS = YES;
				CLANG_WARN_DIRECT_OBJC_ISA_USAGE = YES_ERROR;
				CLANG_WARN_DOCUMENTATION_COMMENTS = YES;
				CLANG_WARN_EMPTY_BODY = YES;
				CLANG_WARN_ENUM_CONVERSION = YES;
				CLANG_WARN_INFINITE_RECURSION = YES;
				CLANG_WARN_INT_CONVERSION = YES;
				CLANG_WARN_NON_LITERAL_NULL_CONVERSION = YES;
				CLANG_WARN_OBJC_IMPLICIT_RETAIN_SELF = YES;
				CLANG_WARN_OBJC_LITERAL_CONVERSION = YES;
				CLANG_WARN_OBJC_ROOT_CLASS = YES_ERROR;
				CLANG_WARN_RANGE_LOOP_ANALYSIS = YES;
				CLANG_WARN_STRICT_PROTOTYPES = YES;
				CLANG_WARN_SUSPICIOUS_MOVE = YES;
				CLANG_WARN_UNGUARDED_AVAILABILITY = YES_AGGRESSIVE;
				CLANG_WARN_UNREACHABLE_CODE = YES;
				CLANG_WARN__DUPLICATE_METHOD_MATCH = YES;
				CODE_SIGN_IDENTITY = "iPhone Developer";
				COPY_PHASE_STRIP = NO;
				DEBUG_INFORMATION_FORMAT = dwarf;
				ENABLE_STRICT_OBJC_MSGSEND = YES;
				ENABLE_TESTABILITY = YES;
				GCC_C_LANGUAGE_STANDARD = gnu11;
				GCC_DYNAMIC_NO_PIC = NO;
				GCC_NO_COMMON_BLOCKS = YES;
				GCC_OPTIMIZATION_LEVEL = 0;
				GCC_PREPROCESSOR_DEFINITIONS = (
					"DEBUG=1",
					"$(inherited)",
				);
				GCC_WARN_64_TO_32_BIT_CONVERSION = YES;
				GCC_WARN_ABOUT_RETURN_TYPE = YES_ERROR;
				GCC_WARN_UNDECLARED_SELECTOR = YES;
				GCC_WARN_UNINITIALIZED_AUTOS = YES_AGGRESSIVE;
				GCC_WARN_UNUSED_FUNCTION = YES;
				GCC_WARN_UNUSED_VARIABLE = YES;
				IPHONEOS_DEPLOYMENT_TARGET = 12.2;
				MTL_ENABLE_DEBUG_INFO = INCLUDE_SOURCE;
				MTL_FAST_MATH = YES;
				ONLY_ACTIVE_ARCH = YES;
				SDKROOT = iphoneos;
				SWIFT_ACTIVE_COMPILATION_CONDITIONS = DEBUG;
				SWIFT_OPTIMIZATION_LEVEL = "-Onone";
			};
			name = Debug;
		};
		480D9AD622C5276D00F6E763 /* Release */ = {
			isa = XCBuildConfiguration;
			buildSettings = {
				ALWAYS_SEARCH_USER_PATHS = NO;
				CLANG_ANALYZER_NONNULL = YES;
				CLANG_ANALYZER_NUMBER_OBJECT_CONVERSION = YES_AGGRESSIVE;
				CLANG_CXX_LANGUAGE_STANDARD = "gnu++14";
				CLANG_CXX_LIBRARY = "libc++";
				CLANG_ENABLE_MODULES = YES;
				CLANG_ENABLE_OBJC_ARC = YES;
				CLANG_ENABLE_OBJC_WEAK = YES;
				CLANG_WARN_BLOCK_CAPTURE_AUTORELEASING = YES;
				CLANG_WARN_BOOL_CONVERSION = YES;
				CLANG_WARN_COMMA = YES;
				CLANG_WARN_CONSTANT_CONVERSION = YES;
				CLANG_WARN_DEPRECATED_OBJC_IMPLEMENTATIONS = YES;
				CLANG_WARN_DIRECT_OBJC_ISA_USAGE = YES_ERROR;
				CLANG_WARN_DOCUMENTATION_COMMENTS = YES;
				CLANG_WARN_EMPTY_BODY = YES;
				CLANG_WARN_ENUM_CONVERSION = YES;
				CLANG_WARN_INFINITE_RECURSION = YES;
				CLANG_WARN_INT_CONVERSION = YES;
				CLANG_WARN_NON_LITERAL_NULL_CONVERSION = YES;
				CLANG_WARN_OBJC_IMPLICIT_RETAIN_SELF = YES;
				CLANG_WARN_OBJC_LITERAL_CONVERSION = YES;
				CLANG_WARN_OBJC_ROOT_CLASS = YES_ERROR;
				CLANG_WARN_RANGE_LOOP_ANALYSIS = YES;
				CLANG_WARN_STRICT_PROTOTYPES = YES;
				CLANG_WARN_SUSPICIOUS_MOVE = YES;
				CLANG_WARN_UNGUARDED_AVAILABILITY = YES_AGGRESSIVE;
				CLANG_WARN_UNREACHABLE_CODE = YES;
				CLANG_WARN__DUPLICATE_METHOD_MATCH = YES;
				CODE_SIGN_IDENTITY = "iPhone Developer";
				COPY_PHASE_STRIP = NO;
				DEBUG_INFORMATION_FORMAT = "dwarf-with-dsym";
				ENABLE_NS_ASSERTIONS = NO;
				ENABLE_STRICT_OBJC_MSGSEND = YES;
				GCC_C_LANGUAGE_STANDARD = gnu11;
				GCC_NO_COMMON_BLOCKS = YES;
				GCC_WARN_64_TO_32_BIT_CONVERSION = YES;
				GCC_WARN_ABOUT_RETURN_TYPE = YES_ERROR;
				GCC_WARN_UNDECLARED_SELECTOR = YES;
				GCC_WARN_UNINITIALIZED_AUTOS = YES_AGGRESSIVE;
				GCC_WARN_UNUSED_FUNCTION = YES;
				GCC_WARN_UNUSED_VARIABLE = YES;
				IPHONEOS_DEPLOYMENT_TARGET = 12.2;
				MTL_ENABLE_DEBUG_INFO = NO;
				MTL_FAST_MATH = YES;
				SDKROOT = iphoneos;
				SWIFT_COMPILATION_MODE = wholemodule;
				SWIFT_OPTIMIZATION_LEVEL = "-O";
				VALIDATE_PRODUCT = YES;
			};
			name = Release;
		};
		480D9AD822C5276D00F6E763 /* Debug */ = {
			isa = XCBuildConfiguration;
			buildSettings = {
				ASSETCATALOG_COMPILER_APPICON_NAME = AppIcon;
				CODE_SIGN_STYLE = Automatic;
				INFOPLIST_FILE = tableview/Info.plist;
				LD_RUNPATH_SEARCH_PATHS = (
					"$(inherited)",
					"@executable_path/Frameworks",
				);
				PRODUCT_BUNDLE_IDENTIFIER = com.kimjunhyeok.tableview;
				PRODUCT_NAME = "$(TARGET_NAME)";
				SWIFT_VERSION = 5.0;
				TARGETED_DEVICE_FAMILY = "1,2";
			};
			name = Debug;
		};
		480D9AD922C5276D00F6E763 /* Release */ = {
			isa = XCBuildConfiguration;
			buildSettings = {
				ASSETCATALOG_COMPILER_APPICON_NAME = AppIcon;
				CODE_SIGN_STYLE = Automatic;
				INFOPLIST_FILE = tableview/Info.plist;
				LD_RUNPATH_SEARCH_PATHS = (
					"$(inherited)",
					"@executable_path/Frameworks",
				);
				PRODUCT_BUNDLE_IDENTIFIER = com.kimjunhyeok.tableview;
				PRODUCT_NAME = "$(TARGET_NAME)";
				SWIFT_VERSION = 5.0;
				TARGETED_DEVICE_FAMILY = "1,2";
			};
			name = Release;
		};
		480D9ADB22C5276D00F6E763 /* Debug */ = {
			isa = XCBuildConfiguration;
			buildSettings = {
				ALWAYS_EMBED_SWIFT_STANDARD_LIBRARIES = YES;
				BUNDLE_LOADER = "$(TEST_HOST)";
				CODE_SIGN_STYLE = Automatic;
				INFOPLIST_FILE = tableviewTests/Info.plist;
				LD_RUNPATH_SEARCH_PATHS = (
					"$(inherited)",
					"@executable_path/Frameworks",
					"@loader_path/Frameworks",
				);
				PRODUCT_BUNDLE_IDENTIFIER = com.kimjunhyeok.tableviewTests;
				PRODUCT_NAME = "$(TARGET_NAME)";
				SWIFT_VERSION = 5.0;
				TARGETED_DEVICE_FAMILY = "1,2";
				TEST_HOST = "$(BUILT_PRODUCTS_DIR)/tableview.app/tableview";
			};
			name = Debug;
		};
		480D9ADC22C5276D00F6E763 /* Release */ = {
			isa = XCBuildConfiguration;
			buildSettings = {
				ALWAYS_EMBED_SWIFT_STANDARD_LIBRARIES = YES;
				BUNDLE_LOADER = "$(TEST_HOST)";
				CODE_SIGN_STYLE = Automatic;
				INFOPLIST_FILE = tableviewTests/Info.plist;
				LD_RUNPATH_SEARCH_PATHS = (
					"$(inherited)",
					"@executable_path/Frameworks",
					"@loader_path/Frameworks",
				);
				PRODUCT_BUNDLE_IDENTIFIER = com.kimjunhyeok.tableviewTests;
				PRODUCT_NAME = "$(TARGET_NAME)";
				SWIFT_VERSION = 5.0;
				TARGETED_DEVICE_FAMILY = "1,2";
				TEST_HOST = "$(BUILT_PRODUCTS_DIR)/tableview.app/tableview";
			};
			name = Release;
		};
		480D9ADE22C5276D00F6E763 /* Debug */ = {
			isa = XCBuildConfiguration;
			buildSettings = {
				ALWAYS_EMBED_SWIFT_STANDARD_LIBRARIES = YES;
				CODE_SIGN_STYLE = Automatic;
				INFOPLIST_FILE = tableviewUITests/Info.plist;
				LD_RUNPATH_SEARCH_PATHS = (
					"$(inherited)",
					"@executable_path/Frameworks",
					"@loader_path/Frameworks",
				);
				PRODUCT_BUNDLE_IDENTIFIER = com.kimjunhyeok.tableviewUITests;
				PRODUCT_NAME = "$(TARGET_NAME)";
				SWIFT_VERSION = 5.0;
				TARGETED_DEVICE_FAMILY = "1,2";
				TEST_TARGET_NAME = tableview;
			};
			name = Debug;
		};
		480D9ADF22C5276D00F6E763 /* Release */ = {
			isa = XCBuildConfiguration;
			buildSettings = {
				ALWAYS_EMBED_SWIFT_STANDARD_LIBRARIES = YES;
				CODE_SIGN_STYLE = Automatic;
				INFOPLIST_FILE = tableviewUITests/Info.plist;
				LD_RUNPATH_SEARCH_PATHS = (
					"$(inherited)",
					"@executable_path/Frameworks",
					"@loader_path/Frameworks",
				);
				PRODUCT_BUNDLE_IDENTIFIER = com.kimjunhyeok.tableviewUITests;
				PRODUCT_NAME = "$(TARGET_NAME)";
				SWIFT_VERSION = 5.0;
				TARGETED_DEVICE_FAMILY = "1,2";
				TEST_TARGET_NAME = tableview;
			};
			name = Release;
		};
/* End XCBuildConfiguration section */

/* Begin XCConfigurationList section */
		480D9AAA22C5276C00F6E763 /* Build configuration list for PBXProject "tableview" */ = {
			isa = XCConfigurationList;
			buildConfigurations = (
				480D9AD522C5276D00F6E763 /* Debug */,
				480D9AD622C5276D00F6E763 /* Release */,
			);
			defaultConfigurationIsVisible = 0;
			defaultConfigurationName = Release;
		};
		480D9AD722C5276D00F6E763 /* Build configuration list for PBXNativeTarget "tableview" */ = {
			isa = XCConfigurationList;
			buildConfigurations = (
				480D9AD822C5276D00F6E763 /* Debug */,
				480D9AD922C5276D00F6E763 /* Release */,
			);
			defaultConfigurationIsVisible = 0;
			defaultConfigurationName = Release;
		};
		480D9ADA22C5276D00F6E763 /* Build configuration list for PBXNativeTarget "tableviewTests" */ = {
			isa = XCConfigurationList;
			buildConfigurations = (
				480D9ADB22C5276D00F6E763 /* Debug */,
				480D9ADC22C5276D00F6E763 /* Release */,
			);
			defaultConfigurationIsVisible = 0;
			defaultConfigurationName = Release;
		};
		480D9ADD22C5276D00F6E763 /* Build configuration list for PBXNativeTarget "tableviewUITests" */ = {
			isa = XCConfigurationList;
			buildConfigurations = (
				480D9ADE22C5276D00F6E763 /* Debug */,
				480D9ADF22C5276D00F6E763 /* Release */,
			);
			defaultConfigurationIsVisible = 0;
			defaultConfigurationName = Release;
		};
/* End XCConfigurationList section */
	};
	rootObject = 480D9AA722C5276C00F6E763 /* Project object */;
}
